
Microsoft Visual Studio Solution File, Format Version 12.00
# Visual Studio Version 16
VisualStudioVersion = 16.0.29424.173
MinimumVisualStudioVersion = 10.0.40219.1
Project("{FAE04EC0-301F-11D3-BF4B-00C04F79EFBC}") = "HomeWork2019.12.23(1).Web", "HomeWork2019.12.23(1).Web\HomeWork2019.12.23(1).Web.csproj", "{AD0CD3E9-FA31-45E4-8BC7-C477362921EC}"
EndProject
Project("{FAE04EC0-301F-11D3-BF4B-00C04F79EFBC}") = "HomeWork2019.12.23(1).AbstractModels", "HomeWork2019.12.23(1).AbstractModels\HomeWork2019.12.23(1).AbstractModels.csproj", "{670874B6-3CBC-4BF1-A5F4-0D6CFB5D2796}"
EndProject
Project("{FAE04EC0-301F-11D3-BF4B-00C04F79EFBC}") = "HomeWork2019.12.23(1).Models", "HomeWork2019.12.23(1).Models\HomeWork2019.12.23(1).Models.csproj", "{11484B74-EEB6-4055-B980-19018723CBDD}"
EndProject
Project("{FAE04EC0-301F-11D3-BF4B-00C04F79EFBC}") = "HomeWork2019.12.23(1).Services", "HomeWork2019.12.23(1).Services\HomeWork2019.12.23(1).Services.csproj", "{C3937896-8427-48D1-AAC7-C05C37CB69AE}"
EndProject
Project("{FAE04EC0-301F-11D3-BF4B-00C04F79EFBC}") = "HomeWork2019.12.23(1).DataAccess", "HomeWork2019.12.23(1).DataAccess\HomeWork2019.12.23(1).DataAccess.csproj", "{D5424CD9-859C-476D-BE37-69889FE3FE2C}"
EndProject
Global
	GlobalSection(SolutionConfigurationPlatforms) = preSolution
		Debug|Any CPU = Debug|Any CPU
		Release|Any CPU = Release|Any CPU
	EndGlobalSection
	GlobalSection(ProjectConfigurationPlatforms) = postSolution
		{AD0CD3E9-FA31-45E4-8BC7-C477362921EC}.Debug|Any CPU.ActiveCfg = Debug|Any CPU
		{AD0CD3E9-FA31-45E4-8BC7-C477362921EC}.Debug|Any CPU.Build.0 = Debug|Any CPU
		{AD0CD3E9-FA31-45E4-8BC7-C477362921EC}.Release|Any CPU.ActiveCfg = Release|Any CPU
		{AD0CD3E9-FA31-45E4-8BC7-C477362921EC}.Release|Any CPU.Build.0 = Release|Any CPU
		{670874B6-3CBC-4BF1-A5F4-0D6CFB5D2796}.Debug|Any CPU.ActiveCfg = Debug|Any CPU
		{670874B6-3CBC-4BF1-A5F4-0D6CFB5D2796}.Debug|Any CPU.Build.0 = Debug|Any CPU
		{670874B6-3CBC-4BF1-A5F4-0D6CFB5D2796}.Release|Any CPU.ActiveCfg = Release|Any CPU
		{670874B6-3CBC-4BF1-A5F4-0D6CFB5D2796}.Release|Any CPU.Build.0 = Release|Any CPU
		{11484B74-EEB6-4055-B980-19018723CBDD}.Debug|Any CPU.ActiveCfg = Debug|Any CPU
		{11484B74-EEB6-4055-B980-19018723CBDD}.Debug|Any CPU.Build.0 = Debug|Any CPU
		{11484B74-EEB6-4055-B980-19018723CBDD}.Release|Any CPU.ActiveCfg = Release|Any CPU
		{11484B74-EEB6-4055-B980-19018723CBDD}.Release|Any CPU.Build.0 = Release|Any CPU
		{C3937896-8427-48D1-AAC7-C05C37CB69AE}.Debug|Any CPU.ActiveCfg = Debug|Any CPU
		{C3937896-8427-48D1-AAC7-C05C37CB69AE}.Debug|Any CPU.Build.0 = Debug|Any CPU
		{C3937896-8427-48D1-AAC7-C05C37CB69AE}.Release|Any CPU.ActiveCfg = Release|Any CPU
		{C3937896-8427-48D1-AAC7-C05C37CB69AE}.Release|Any CPU.Build.0 = Release|Any CPU
		{D5424CD9-859C-476D-BE37-69889FE3FE2C}.Debug|Any CPU.ActiveCfg = Debug|Any CPU
		{D5424CD9-859C-476D-BE37-69889FE3FE2C}.Debug|Any CPU.Build.0 = Debug|Any CPU
		{D5424CD9-859C-476D-BE37-69889FE3FE2C}.Release|Any CPU.ActiveCfg = Release|Any CPU
		{D5424CD9-859C-476D-BE37-69889FE3FE2C}.Release|Any CPU.Build.0 = Release|Any CPU
	EndGlobalSection
	GlobalSection(SolutionProperties) = preSolution
		HideSolutionNode = FALSE
	EndGlobalSection
	GlobalSection(ExtensibilityGlobals) = postSolution
		SolutionGuid = {039494A8-0417-4E0A-B8F4-4585806B58B2}
	EndGlobalSection
EndGlobal
